// !$*UTF8*$!
{
	archiveVersion = 1;
	classes = {
	};
	objectVersion = 56;
	objects = {

/* Begin PBXBuildFile section */
		5718EFFB2B3CA3C000A0FDBA /* AppDelegate.swift in Sources */ = {isa = PBXBuildFile; fileRef = 5718EFFA2B3CA3C000A0FDBA /* AppDelegate.swift */; };
		5718EFFD2B3CA3C000A0FDBA /* SceneDelegate.swift in Sources */ = {isa = PBXBuildFile; fileRef = 5718EFFC2B3CA3C000A0FDBA /* SceneDelegate.swift */; };
		5718F0022B3CA3C000A0FDBA /* Main.storyboard in Resources */ = {isa = PBXBuildFile; fileRef = 5718F0002B3CA3C000A0FDBA /* Main.storyboard */; };
		5718F0042B3CA3C100A0FDBA /* Assets.xcassets in Resources */ = {isa = PBXBuildFile; fileRef = 5718F0032B3CA3C100A0FDBA /* Assets.xcassets */; };
		5718F0072B3CA3C100A0FDBA /* LaunchScreen.storyboard in Resources */ = {isa = PBXBuildFile; fileRef = 5718F0052B3CA3C100A0FDBA /* LaunchScreen.storyboard */; };
		5718F00F2B3CA3FB00A0FDBA /* EpisodesViewController.swift in Sources */ = {isa = PBXBuildFile; fileRef = 5718F00E2B3CA3FB00A0FDBA /* EpisodesViewController.swift */; };
		5718F0352B3CFBDF00A0FDBA /* LaunchScreenViewController.swift in Sources */ = {isa = PBXBuildFile; fileRef = 5718F0342B3CFBDF00A0FDBA /* LaunchScreenViewController.swift */; };
		5718F0812B42072D00A0FDBA /* TabBarController.swift in Sources */ = {isa = PBXBuildFile; fileRef = 5718F0802B42072D00A0FDBA /* TabBarController.swift */; };
		5718F0832B42075800A0FDBA /* FavouritesViewController.swift in Sources */ = {isa = PBXBuildFile; fileRef = 5718F0822B42075800A0FDBA /* FavouritesViewController.swift */; };
		5718F10A2B44A59A00A0FDBA /* EpisodeData.swift in Sources */ = {isa = PBXBuildFile; fileRef = 5718F1092B44A59A00A0FDBA /* EpisodeData.swift */; };
		5718F10C2B44A5B400A0FDBA /* CharacterData.swift in Sources */ = {isa = PBXBuildFile; fileRef = 5718F10B2B44A5B400A0FDBA /* CharacterData.swift */; };
		5718F10E2B44A5DE00A0FDBA /* Episode.swift in Sources */ = {isa = PBXBuildFile; fileRef = 5718F10D2B44A5DE00A0FDBA /* Episode.swift */; };
		5718F1102B44A68900A0FDBA /* CustomCollectionViewCell.swift in Sources */ = {isa = PBXBuildFile; fileRef = 5718F10F2B44A68900A0FDBA /* CustomCollectionViewCell.swift */; };
		5718F1152B45E3F400A0FDBA /* CharacterDetailsView.swift in Sources */ = {isa = PBXBuildFile; fileRef = 5718F1142B45E3F400A0FDBA /* CharacterDetailsView.swift */; };
		5718F1182B45E48900A0FDBA /* CustomCollectionViewCellDelegate.swift in Sources */ = {isa = PBXBuildFile; fileRef = 5718F1172B45E48900A0FDBA /* CustomCollectionViewCellDelegate.swift */; };
		5718F1632B46288400A0FDBA /* CustomTableViewCell.swift in Sources */ = {isa = PBXBuildFile; fileRef = 5718F1622B46288400A0FDBA /* CustomTableViewCell.swift */; };
/* End PBXBuildFile section */

/* Begin PBXFileReference section */
		5718EFF72B3CA3C000A0FDBA /* Rick and Morty.app */ = {isa = PBXFileReference; explicitFileType = wrapper.application; includeInIndex = 0; path = "Rick and Morty.app"; sourceTree = BUILT_PRODUCTS_DIR; };
		5718EFFA2B3CA3C000A0FDBA /* AppDelegate.swift */ = {isa = PBXFileReference; lastKnownFileType = sourcecode.swift; path = AppDelegate.swift; sourceTree = "<group>"; };
		5718EFFC2B3CA3C000A0FDBA /* SceneDelegate.swift */ = {isa = PBXFileReference; lastKnownFileType = sourcecode.swift; path = SceneDelegate.swift; sourceTree = "<group>"; };
		5718F0012B3CA3C000A0FDBA /* Base */ = {isa = PBXFileReference; lastKnownFileType = file.storyboard; name = Base; path = Base.lproj/Main.storyboard; sourceTree = "<group>"; };
		5718F0032B3CA3C100A0FDBA /* Assets.xcassets */ = {isa = PBXFileReference; lastKnownFileType = folder.assetcatalog; path = Assets.xcassets; sourceTree = "<group>"; };
		5718F0062B3CA3C100A0FDBA /* Base */ = {isa = PBXFileReference; lastKnownFileType = file.storyboard; name = Base; path = Base.lproj/LaunchScreen.storyboard; sourceTree = "<group>"; };
		5718F0082B3CA3C100A0FDBA /* Info.plist */ = {isa = PBXFileReference; lastKnownFileType = text.plist.xml; path = Info.plist; sourceTree = "<group>"; };
		5718F00E2B3CA3FB00A0FDBA /* EpisodesViewController.swift */ = {isa = PBXFileReference; lastKnownFileType = sourcecode.swift; path = EpisodesViewController.swift; sourceTree = "<group>"; };
		5718F0342B3CFBDF00A0FDBA /* LaunchScreenViewController.swift */ = {isa = PBXFileReference; lastKnownFileType = sourcecode.swift; path = LaunchScreenViewController.swift; sourceTree = "<group>"; };
		5718F0802B42072D00A0FDBA /* TabBarController.swift */ = {isa = PBXFileReference; lastKnownFileType = sourcecode.swift; path = TabBarController.swift; sourceTree = "<group>"; };
		5718F0822B42075800A0FDBA /* FavouritesViewController.swift */ = {isa = PBXFileReference; lastKnownFileType = sourcecode.swift; path = FavouritesViewController.swift; sourceTree = "<group>"; };
		5718F1092B44A59A00A0FDBA /* EpisodeData.swift */ = {isa = PBXFileReference; lastKnownFileType = sourcecode.swift; path = EpisodeData.swift; sourceTree = "<group>"; };
		5718F10B2B44A5B400A0FDBA /* CharacterData.swift */ = {isa = PBXFileReference; lastKnownFileType = sourcecode.swift; path = CharacterData.swift; sourceTree = "<group>"; };
		5718F10D2B44A5DE00A0FDBA /* Episode.swift */ = {isa = PBXFileReference; lastKnownFileType = sourcecode.swift; path = Episode.swift; sourceTree = "<group>"; };
		5718F10F2B44A68900A0FDBA /* CustomCollectionViewCell.swift */ = {isa = PBXFileReference; lastKnownFileType = sourcecode.swift; path = CustomCollectionViewCell.swift; sourceTree = "<group>"; };
		5718F1142B45E3F400A0FDBA /* CharacterDetailsView.swift */ = {isa = PBXFileReference; lastKnownFileType = sourcecode.swift; path = CharacterDetailsView.swift; sourceTree = "<group>"; };
		5718F1172B45E48900A0FDBA /* CustomCollectionViewCellDelegate.swift */ = {isa = PBXFileReference; lastKnownFileType = sourcecode.swift; path = CustomCollectionViewCellDelegate.swift; sourceTree = "<group>"; };
		5718F1622B46288400A0FDBA /* CustomTableViewCell.swift */ = {isa = PBXFileReference; lastKnownFileType = sourcecode.swift; path = CustomTableViewCell.swift; sourceTree = "<group>"; };
/* End PBXFileReference section */

/* Begin PBXFrameworksBuildPhase section */
		5718EFF42B3CA3C000A0FDBA /* Frameworks */ = {
			isa = PBXFrameworksBuildPhase;
			buildActionMask = 2147483647;
			files = (
			);
			runOnlyForDeploymentPostprocessing = 0;
		};
/* End PBXFrameworksBuildPhase section */

/* Begin PBXGroup section */
		5718EFEE2B3CA3C000A0FDBA = {
			isa = PBXGroup;
			children = (
				5718EFF92B3CA3C000A0FDBA /* Rick and Morty */,
				5718EFF82B3CA3C000A0FDBA /* Products */,
			);
			sourceTree = "<group>";
		};
		5718EFF82B3CA3C000A0FDBA /* Products */ = {
			isa = PBXGroup;
			children = (
				5718EFF72B3CA3C000A0FDBA /* Rick and Morty.app */,
			);
			name = Products;
			sourceTree = "<group>";
		};
		5718EFF92B3CA3C000A0FDBA /* Rick and Morty */ = {
			isa = PBXGroup;
			children = (
				5718EFFA2B3CA3C000A0FDBA /* AppDelegate.swift */,
				5718EFFC2B3CA3C000A0FDBA /* SceneDelegate.swift */,
				5718F1082B44A4D600A0FDBA /* View */,
				5718F1072B44A4CD00A0FDBA /* Model */,
				5718F1162B45E47000A0FDBA /* Protocols */,
				5718F0002B3CA3C000A0FDBA /* Main.storyboard */,
				5718F0032B3CA3C100A0FDBA /* Assets.xcassets */,
				5718F0052B3CA3C100A0FDBA /* LaunchScreen.storyboard */,
				5718F0082B3CA3C100A0FDBA /* Info.plist */,
			);
			path = "Rick and Morty";
			sourceTree = "<group>";
		};
		5718F1072B44A4CD00A0FDBA /* Model */ = {
			isa = PBXGroup;
			children = (
				5718F1092B44A59A00A0FDBA /* EpisodeData.swift */,
				5718F10B2B44A5B400A0FDBA /* CharacterData.swift */,
				5718F10D2B44A5DE00A0FDBA /* Episode.swift */,
			);
			path = Model;
			sourceTree = "<group>";
		};
		5718F1082B44A4D600A0FDBA /* View */ = {
			isa = PBXGroup;
			children = (
				5718F0342B3CFBDF00A0FDBA /* LaunchScreenViewController.swift */,
				5718F0802B42072D00A0FDBA /* TabBarController.swift */,
				5718F00E2B3CA3FB00A0FDBA /* EpisodesViewController.swift */,
				5718F0822B42075800A0FDBA /* FavouritesViewController.swift */,
				5718F10F2B44A68900A0FDBA /* CustomCollectionViewCell.swift */,
				5718F1142B45E3F400A0FDBA /* CharacterDetailsView.swift */,
				5718F1622B46288400A0FDBA /* CustomTableViewCell.swift */,
			);
			path = View;
			sourceTree = "<group>";
		};
		5718F1162B45E47000A0FDBA /* Protocols */ = {
			isa = PBXGroup;
			children = (
				5718F1172B45E48900A0FDBA /* CustomCollectionViewCellDelegate.swift */,
			);
			path = Protocols;
			sourceTree = "<group>";
		};
/* End PBXGroup section */

/* Begin PBXNativeTarget section */
		5718EFF62B3CA3C000A0FDBA /* Rick and Morty */ = {
			isa = PBXNativeTarget;
			buildConfigurationList = 5718F00B2B3CA3C100A0FDBA /* Build configuration list for PBXNativeTarget "Rick and Morty" */;
			buildPhases = (
				5718EFF32B3CA3C000A0FDBA /* Sources */,
				5718EFF42B3CA3C000A0FDBA /* Frameworks */,
				5718EFF52B3CA3C000A0FDBA /* Resources */,
			);
			buildRules = (
			);
			dependencies = (
			);
			name = "Rick and Morty";
			productName = "Rick and Morty";
			productReference = 5718EFF72B3CA3C000A0FDBA /* Rick and Morty.app */;
			productType = "com.apple.product-type.application";
		};
/* End PBXNativeTarget section */

/* Begin PBXProject section */
		5718EFEF2B3CA3C000A0FDBA /* Project object */ = {
			isa = PBXProject;
			attributes = {
				BuildIndependentTargetsInParallel = 1;
				LastSwiftUpdateCheck = 1420;
				LastUpgradeCheck = 1420;
				TargetAttributes = {
					5718EFF62B3CA3C000A0FDBA = {
						CreatedOnToolsVersion = 14.2;
					};
				};
			};
			buildConfigurationList = 5718EFF22B3CA3C000A0FDBA /* Build configuration list for PBXProject "Rick and Morty" */;
			compatibilityVersion = "Xcode 14.0";
			developmentRegion = en;
			hasScannedForEncodings = 0;
			knownRegions = (
				en,
				Base,
			);
			mainGroup = 5718EFEE2B3CA3C000A0FDBA;
			productRefGroup = 5718EFF82B3CA3C000A0FDBA /* Products */;
			projectDirPath = "";
			projectRoot = "";
			targets = (
				5718EFF62B3CA3C000A0FDBA /* Rick and Morty */,
			);
		};
/* End PBXProject section */

/* Begin PBXResourcesBuildPhase section */
		5718EFF52B3CA3C000A0FDBA /* Resources */ = {
			isa = PBXResourcesBuildPhase;
			buildActionMask = 2147483647;
			files = (
				5718F0072B3CA3C100A0FDBA /* LaunchScreen.storyboard in Resources */,
				5718F0042B3CA3C100A0FDBA /* Assets.xcassets in Resources */,
				5718F0022B3CA3C000A0FDBA /* Main.storyboard in Resources */,
			);
			runOnlyForDeploymentPostprocessing = 0;
		};
/* End PBXResourcesBuildPhase section */

/* Begin PBXSourcesBuildPhase section */
		5718EFF32B3CA3C000A0FDBA /* Sources */ = {
			isa = PBXSourcesBuildPhase;
			buildActionMask = 2147483647;
			files = (
				5718F10A2B44A59A00A0FDBA /* EpisodeData.swift in Sources */,
				5718F1102B44A68900A0FDBA /* CustomCollectionViewCell.swift in Sources */,
				5718EFFB2B3CA3C000A0FDBA /* AppDelegate.swift in Sources */,
				5718F00F2B3CA3FB00A0FDBA /* EpisodesViewController.swift in Sources */,
				5718F0812B42072D00A0FDBA /* TabBarController.swift in Sources */,
				5718F0352B3CFBDF00A0FDBA /* LaunchScreenViewController.swift in Sources */,
				5718F1152B45E3F400A0FDBA /* CharacterDetailsView.swift in Sources */,
				5718F10C2B44A5B400A0FDBA /* CharacterData.swift in Sources */,
				5718F0832B42075800A0FDBA /* FavouritesViewController.swift in Sources */,
				5718F10E2B44A5DE00A0FDBA /* Episode.swift in Sources */,
				5718F1182B45E48900A0FDBA /* CustomCollectionViewCellDelegate.swift in Sources */,
				5718EFFD2B3CA3C000A0FDBA /* SceneDelegate.swift in Sources */,
				5718F1632B46288400A0FDBA /* CustomTableViewCell.swift in Sources */,
			);
			runOnlyForDeploymentPostprocessing = 0;
		};
/* End PBXSourcesBuildPhase section */

/* Begin PBXVariantGroup section */
		5718F0002B3CA3C000A0FDBA /* Main.storyboard */ = {
			isa = PBXVariantGroup;
			children = (
				5718F0012B3CA3C000A0FDBA /* Base */,
			);
			name = Main.storyboard;
			sourceTree = "<group>";
		};
		5718F0052B3CA3C100A0FDBA /* LaunchScreen.storyboard */ = {
			isa = PBXVariantGroup;
			children = (
				5718F0062B3CA3C100A0FDBA /* Base */,
			);
			name = LaunchScreen.storyboard;
			sourceTree = "<group>";
		};
/* End PBXVariantGroup section */

/* Begin XCBuildConfiguration section */
		5718F0092B3CA3C100A0FDBA /* Debug */ = {
			isa = XCBuildConfiguration;
			buildSettings = {
				ALWAYS_SEARCH_USER_PATHS = NO;
				CLANG_ANALYZER_NONNULL = YES;
				CLANG_ANALYZER_NUMBER_OBJECT_CONVERSION = YES_AGGRESSIVE;
				CLANG_CXX_LANGUAGE_STANDARD = "gnu++20";
				CLANG_ENABLE_MODULES = YES;
				CLANG_ENABLE_OBJC_ARC = YES;
				CLANG_ENABLE_OBJC_WEAK = YES;
				CLANG_WARN_BLOCK_CAPTURE_AUTORELEASING = YES;
				CLANG_WARN_BOOL_CONVERSION = YES;
				CLANG_WARN_COMMA = YES;
				CLANG_WARN_CONSTANT_CONVERSION = YES;
				CLANG_WARN_DEPRECATED_OBJC_IMPLEMENTATIONS = YES;
				CLANG_WARN_DIRECT_OBJC_ISA_USAGE = YES_ERROR;
				CLANG_WARN_DOCUMENTATION_COMMENTS = YES;
				CLANG_WARN_EMPTY_BODY = YES;
				CLANG_WARN_ENUM_CONVERSION = YES;
				CLANG_WARN_INFINITE_RECURSION = YES;
				CLANG_WARN_INT_CONVERSION = YES;
				CLANG_WARN_NON_LITERAL_NULL_CONVERSION = YES;
				CLANG_WARN_OBJC_IMPLICIT_RETAIN_SELF = YES;
				CLANG_WARN_OBJC_LITERAL_CONVERSION = YES;
				CLANG_WARN_OBJC_ROOT_CLASS = YES_ERROR;
				CLANG_WARN_QUOTED_INCLUDE_IN_FRAMEWORK_HEADER = YES;
				CLANG_WARN_RANGE_LOOP_ANALYSIS = YES;
				CLANG_WARN_STRICT_PROTOTYPES = YES;
				CLANG_WARN_SUSPICIOUS_MOVE = YES;
				CLANG_WARN_UNGUARDED_AVAILABILITY = YES_AGGRESSIVE;
				CLANG_WARN_UNREACHABLE_CODE = YES;
				CLANG_WARN__DUPLICATE_METHOD_MATCH = YES;
				COPY_PHASE_STRIP = NO;
				DEBUG_INFORMATION_FORMAT = dwarf;
				ENABLE_STRICT_OBJC_MSGSEND = YES;
				ENABLE_TESTABILITY = YES;
				GCC_C_LANGUAGE_STANDARD = gnu11;
				GCC_DYNAMIC_NO_PIC = NO;
				GCC_NO_COMMON_BLOCKS = YES;
				GCC_OPTIMIZATION_LEVEL = 0;
				GCC_PREPROCESSOR_DEFINITIONS = (
					"DEBUG=1",
					"$(inherited)",
				);
				GCC_WARN_64_TO_32_BIT_CONVERSION = YES;
				GCC_WARN_ABOUT_RETURN_TYPE = YES_ERROR;
				GCC_WARN_UNDECLARED_SELECTOR = YES;
				GCC_WARN_UNINITIALIZED_AUTOS = YES_AGGRESSIVE;
				GCC_WARN_UNUSED_FUNCTION = YES;
				GCC_WARN_UNUSED_VARIABLE = YES;
				IPHONEOS_DEPLOYMENT_TARGET = 16.2;
				MTL_ENABLE_DEBUG_INFO = INCLUDE_SOURCE;
				MTL_FAST_MATH = YES;
				ONLY_ACTIVE_ARCH = YES;
				SDKROOT = iphoneos;
				SWIFT_ACTIVE_COMPILATION_CONDITIONS = DEBUG;
				SWIFT_OPTIMIZATION_LEVEL = "-Onone";
			};
			name = Debug;
		};
		5718F00A2B3CA3C100A0FDBA /* Release */ = {
			isa = XCBuildConfiguration;
			buildSettings = {
				ALWAYS_SEARCH_USER_PATHS = NO;
				CLANG_ANALYZER_NONNULL = YES;
				CLANG_ANALYZER_NUMBER_OBJECT_CONVERSION = YES_AGGRESSIVE;
				CLANG_CXX_LANGUAGE_STANDARD = "gnu++20";
				CLANG_ENABLE_MODULES = YES;
				CLANG_ENABLE_OBJC_ARC = YES;
				CLANG_ENABLE_OBJC_WEAK = YES;
				CLANG_WARN_BLOCK_CAPTURE_AUTORELEASING = YES;
				CLANG_WARN_BOOL_CONVERSION = YES;
				CLANG_WARN_COMMA = YES;
				CLANG_WARN_CONSTANT_CONVERSION = YES;
				CLANG_WARN_DEPRECATED_OBJC_IMPLEMENTATIONS = YES;
				CLANG_WARN_DIRECT_OBJC_ISA_USAGE = YES_ERROR;
				CLANG_WARN_DOCUMENTATION_COMMENTS = YES;
				CLANG_WARN_EMPTY_BODY = YES;
				CLANG_WARN_ENUM_CONVERSION = YES;
				CLANG_WARN_INFINITE_RECURSION = YES;
				CLANG_WARN_INT_CONVERSION = YES;
				CLANG_WARN_NON_LITERAL_NULL_CONVERSION = YES;
				CLANG_WARN_OBJC_IMPLICIT_RETAIN_SELF = YES;
				CLANG_WARN_OBJC_LITERAL_CONVERSION = YES;
				CLANG_WARN_OBJC_ROOT_CLASS = YES_ERROR;
				CLANG_WARN_QUOTED_INCLUDE_IN_FRAMEWORK_HEADER = YES;
				CLANG_WARN_RANGE_LOOP_ANALYSIS = YES;
				CLANG_WARN_STRICT_PROTOTYPES = YES;
				CLANG_WARN_SUSPICIOUS_MOVE = YES;
				CLANG_WARN_UNGUARDED_AVAILABILITY = YES_AGGRESSIVE;
				CLANG_WARN_UNREACHABLE_CODE = YES;
				CLANG_WARN__DUPLICATE_METHOD_MATCH = YES;
				COPY_PHASE_STRIP = NO;
				DEBUG_INFORMATION_FORMAT = "dwarf-with-dsym";
				ENABLE_NS_ASSERTIONS = NO;
				ENABLE_STRICT_OBJC_MSGSEND = YES;
				GCC_C_LANGUAGE_STANDARD = gnu11;
				GCC_NO_COMMON_BLOCKS = YES;
				GCC_WARN_64_TO_32_BIT_CONVERSION = YES;
				GCC_WARN_ABOUT_RETURN_TYPE = YES_ERROR;
				GCC_WARN_UNDECLARED_SELECTOR = YES;
				GCC_WARN_UNINITIALIZED_AUTOS = YES_AGGRESSIVE;
				GCC_WARN_UNUSED_FUNCTION = YES;
				GCC_WARN_UNUSED_VARIABLE = YES;
				IPHONEOS_DEPLOYMENT_TARGET = 16.2;
				MTL_ENABLE_DEBUG_INFO = NO;
				MTL_FAST_MATH = YES;
				SDKROOT = iphoneos;
				SWIFT_COMPILATION_MODE = wholemodule;
				SWIFT_OPTIMIZATION_LEVEL = "-O";
				VALIDATE_PRODUCT = YES;
			};
			name = Release;
		};
		5718F00C2B3CA3C100A0FDBA /* Debug */ = {
			isa = XCBuildConfiguration;
			buildSettings = {
				ASSETCATALOG_COMPILER_APPICON_NAME = AppIcon;
				ASSETCATALOG_COMPILER_GLOBAL_ACCENT_COLOR_NAME = AccentColor;
				CODE_SIGN_STYLE = Automatic;
				CURRENT_PROJECT_VERSION = 1;
				DEVELOPMENT_TEAM = YZT8MU55TB;
				GENERATE_INFOPLIST_FILE = YES;
				INFOPLIST_FILE = "Rick and Morty/Info.plist";
				INFOPLIST_KEY_UIApplicationSupportsIndirectInputEvents = YES;
				INFOPLIST_KEY_UILaunchStoryboardName = LaunchScreen;
				INFOPLIST_KEY_UIMainStoryboardFile = Main;
				INFOPLIST_KEY_UISupportedInterfaceOrientations_iPad = "UIInterfaceOrientationPortrait UIInterfaceOrientationPortraitUpsideDown UIInterfaceOrientationLandscapeLeft UIInterfaceOrientationLandscapeRight";
				INFOPLIST_KEY_UISupportedInterfaceOrientations_iPhone = "UIInterfaceOrientationPortrait UIInterfaceOrientationLandscapeLeft UIInterfaceOrientationLandscapeRight";
				IPHONEOS_DEPLOYMENT_TARGET = 14.0;
				LD_RUNPATH_SEARCH_PATHS = (
					"$(inherited)",
					"@executable_path/Frameworks",
				);
				MARKETING_VERSION = 1.0;
				PRODUCT_BUNDLE_IDENTIFIER = "ru.vifinance.Rick-and-Morty";
				PRODUCT_NAME = "$(TARGET_NAME)";
				SWIFT_EMIT_LOC_STRINGS = YES;
				SWIFT_VERSION = 5.0;
				TARGETED_DEVICE_FAMILY = "1,2";
			};
			name = Debug;
		};
		5718F00D2B3CA3C100A0FDBA /* Release */ = {
			isa = XCBuildConfiguration;
			buildSettings = {
				ASSETCATALOG_COMPILER_APPICON_NAME = AppIcon;
				ASSETCATALOG_COMPILER_GLOBAL_ACCENT_COLOR_NAME = AccentColor;
				CODE_SIGN_STYLE = Automatic;
				CURRENT_PROJECT_VERSION = 1;
				DEVELOPMENT_TEAM = YZT8MU55TB;
				GENERATE_INFOPLIST_FILE = YES;
				INFOPLIST_FILE = "Rick and Morty/Info.plist";
				INFOPLIST_KEY_UIApplicationSupportsIndirectInputEvents = YES;
				INFOPLIST_KEY_UILaunchStoryboardName = LaunchScreen;
				INFOPLIST_KEY_UIMainStoryboardFile = Main;
				INFOPLIST_KEY_UISupportedInterfaceOrientations_iPad = "UIInterfaceOrientationPortrait UIInterfaceOrientationPortraitUpsideDown UIInterfaceOrientationLandscapeLeft UIInterfaceOrientationLandscapeRight";
				INFOPLIST_KEY_UISupportedInterfaceOrientations_iPhone = "UIInterfaceOrientationPortrait UIInterfaceOrientationLandscapeLeft UIInterfaceOrientationLandscapeRight";
				IPHONEOS_DEPLOYMENT_TARGET = 14.0;
				LD_RUNPATH_SEARCH_PATHS = (
					"$(inherited)",
					"@executable_path/Frameworks",
				);
				MARKETING_VERSION = 1.0;
				PRODUCT_BUNDLE_IDENTIFIER = "ru.vifinance.Rick-and-Morty";
				PRODUCT_NAME = "$(TARGET_NAME)";
				SWIFT_EMIT_LOC_STRINGS = YES;
				SWIFT_VERSION = 5.0;
				TARGETED_DEVICE_FAMILY = "1,2";
			};
			name = Release;
		};
/* End XCBuildConfiguration section */

/* Begin XCConfigurationList section */
		5718EFF22B3CA3C000A0FDBA /* Build configuration list for PBXProject "Rick and Morty" */ = {
			isa = XCConfigurationList;
			buildConfigurations = (
				5718F0092B3CA3C100A0FDBA /* Debug */,
				5718F00A2B3CA3C100A0FDBA /* Release */,
			);
			defaultConfigurationIsVisible = 0;
			defaultConfigurationName = Release;
		};
		5718F00B2B3CA3C100A0FDBA /* Build configuration list for PBXNativeTarget "Rick and Morty" */ = {
			isa = XCConfigurationList;
			buildConfigurations = (
				5718F00C2B3CA3C100A0FDBA /* Debug */,
				5718F00D2B3CA3C100A0FDBA /* Release */,
			);
			defaultConfigurationIsVisible = 0;
			defaultConfigurationName = Release;
		};
/* End XCConfigurationList section */
	};
	rootObject = 5718EFEF2B3CA3C000A0FDBA /* Project object */;
}
